// !$*UTF8*$!
{
	archiveVersion = 1;
	classes = {
	};
	objectVersion = 56;
	objects = {

/* Begin PBXBuildFile section */
		6DDEE7132CD93C2100659213 /* Lab_06App.swift in Sources */ = {isa = PBXBuildFile; fileRef = 6DDEE7122CD93C2100659213 /* Lab_06App.swift */; };
		6DDEE7152CD93C2200659213 /* ContentView.swift in Sources */ = {isa = PBXBuildFile; fileRef = 6DDEE7142CD93C2100659213 /* ContentView.swift */; };
		6DDEE7172CD93C2E00659213 /* Assets.xcassets in Resources */ = {isa = PBXBuildFile; fileRef = 6DDEE7162CD93C2E00659213 /* Assets.xcassets */; };
		6DDEE71B2CD93C2E00659213 /* Preview Assets.xcassets in Resources */ = {isa = PBXBuildFile; fileRef = 6DDEE71A2CD93C2E00659213 /* Preview Assets.xcassets */; };
		6DDEE7252CD93C2F00659213 /* Lab_06Tests.swift in Sources */ = {isa = PBXBuildFile; fileRef = 6DDEE7242CD93C2F00659213 /* Lab_06Tests.swift */; };
		6DDEE72F2CD93C2F00659213 /* Lab_06UITests.swift in Sources */ = {isa = PBXBuildFile; fileRef = 6DDEE72E2CD93C2F00659213 /* Lab_06UITests.swift */; };
		6DDEE7312CD93C2F00659213 /* Lab_06UITestsLaunchTests.swift in Sources */ = {isa = PBXBuildFile; fileRef = 6DDEE7302CD93C2F00659213 /* Lab_06UITestsLaunchTests.swift */; };
/* End PBXBuildFile section */

/* Begin PBXContainerItemProxy section */
		6DDEE7212CD93C2F00659213 /* PBXContainerItemProxy */ = {
			isa = PBXContainerItemProxy;
			containerPortal = 6DDEE7072CD93C2100659213 /* Project object */;
			proxyType = 1;
			remoteGlobalIDString = 6DDEE70E2CD93C2100659213;
			remoteInfo = Lab_06;
		};
		6DDEE72B2CD93C2F00659213 /* PBXContainerItemProxy */ = {
			isa = PBXContainerItemProxy;
			containerPortal = 6DDEE7072CD93C2100659213 /* Project object */;
			proxyType = 1;
			remoteGlobalIDString = 6DDEE70E2CD93C2100659213;
			remoteInfo = Lab_06;
		};
/* End PBXContainerItemProxy section */

/* Begin PBXFileReference section */
		6DDEE70F2CD93C2100659213 /* Lab_06.app */ = {isa = PBXFileReference; explicitFileType = wrapper.application; includeInIndex = 0; path = Lab_06.app; sourceTree = BUILT_PRODUCTS_DIR; };
		6DDEE7122CD93C2100659213 /* Lab_06App.swift */ = {isa = PBXFileReference; lastKnownFileType = sourcecode.swift; path = Lab_06App.swift; sourceTree = "<group>"; };
		6DDEE7142CD93C2100659213 /* ContentView.swift */ = {isa = PBXFileReference; lastKnownFileType = sourcecode.swift; path = ContentView.swift; sourceTree = "<group>"; };
		6DDEE7162CD93C2E00659213 /* Assets.xcassets */ = {isa = PBXFileReference; lastKnownFileType = folder.assetcatalog; path = Assets.xcassets; sourceTree = "<group>"; };
		6DDEE7182CD93C2E00659213 /* Lab_06.entitlements */ = {isa = PBXFileReference; lastKnownFileType = text.plist.entitlements; path = Lab_06.entitlements; sourceTree = "<group>"; };
		6DDEE71A2CD93C2E00659213 /* Preview Assets.xcassets */ = {isa = PBXFileReference; lastKnownFileType = folder.assetcatalog; path = "Preview Assets.xcassets"; sourceTree = "<group>"; };
		6DDEE7202CD93C2F00659213 /* Lab_06Tests.xctest */ = {isa = PBXFileReference; explicitFileType = wrapper.cfbundle; includeInIndex = 0; path = Lab_06Tests.xctest; sourceTree = BUILT_PRODUCTS_DIR; };
		6DDEE7242CD93C2F00659213 /* Lab_06Tests.swift */ = {isa = PBXFileReference; lastKnownFileType = sourcecode.swift; path = Lab_06Tests.swift; sourceTree = "<group>"; };
		6DDEE72A2CD93C2F00659213 /* Lab_06UITests.xctest */ = {isa = PBXFileReference; explicitFileType = wrapper.cfbundle; includeInIndex = 0; path = Lab_06UITests.xctest; sourceTree = BUILT_PRODUCTS_DIR; };
		6DDEE72E2CD93C2F00659213 /* Lab_06UITests.swift */ = {isa = PBXFileReference; lastKnownFileType = sourcecode.swift; path = Lab_06UITests.swift; sourceTree = "<group>"; };
		6DDEE7302CD93C2F00659213 /* Lab_06UITestsLaunchTests.swift */ = {isa = PBXFileReference; lastKnownFileType = sourcecode.swift; path = Lab_06UITestsLaunchTests.swift; sourceTree = "<group>"; };
/* End PBXFileReference section */

/* Begin PBXFrameworksBuildPhase section */
		6DDEE70C2CD93C2100659213 /* Frameworks */ = {
			isa = PBXFrameworksBuildPhase;
			buildActionMask = 2147483647;
			files = (
			);
			runOnlyForDeploymentPostprocessing = 0;
		};
		6DDEE71D2CD93C2F00659213 /* Frameworks */ = {
			isa = PBXFrameworksBuildPhase;
			buildActionMask = 2147483647;
			files = (
			);
			runOnlyForDeploymentPostprocessing = 0;
		};
		6DDEE7272CD93C2F00659213 /* Frameworks */ = {
			isa = PBXFrameworksBuildPhase;
			buildActionMask = 2147483647;
			files = (
			);
			runOnlyForDeploymentPostprocessing = 0;
		};
/* End PBXFrameworksBuildPhase section */

/* Begin PBXGroup section */
		6DDEE7062CD93C2100659213 = {
			isa = PBXGroup;
			children = (
				6DDEE7112CD93C2100659213 /* Lab_06 */,
				6DDEE7232CD93C2F00659213 /* Lab_06Tests */,
				6DDEE72D2CD93C2F00659213 /* Lab_06UITests */,
				6DDEE7102CD93C2100659213 /* Products */,
			);
			sourceTree = "<group>";
		};
		6DDEE7102CD93C2100659213 /* Products */ = {
			isa = PBXGroup;
			children = (
				6DDEE70F2CD93C2100659213 /* Lab_06.app */,
				6DDEE7202CD93C2F00659213 /* Lab_06Tests.xctest */,
				6DDEE72A2CD93C2F00659213 /* Lab_06UITests.xctest */,
			);
			name = Products;
			sourceTree = "<group>";
		};
		6DDEE7112CD93C2100659213 /* Lab_06 */ = {
			isa = PBXGroup;
			children = (
				6DDEE7122CD93C2100659213 /* Lab_06App.swift */,
				6DDEE7142CD93C2100659213 /* ContentView.swift */,
				6DDEE7162CD93C2E00659213 /* Assets.xcassets */,
				6DDEE7182CD93C2E00659213 /* Lab_06.entitlements */,
				6DDEE7192CD93C2E00659213 /* Preview Content */,
			);
			path = Lab_06;
			sourceTree = "<group>";
		};
		6DDEE7192CD93C2E00659213 /* Preview Content */ = {
			isa = PBXGroup;
			children = (
				6DDEE71A2CD93C2E00659213 /* Preview Assets.xcassets */,
			);
			path = "Preview Content";
			sourceTree = "<group>";
		};
		6DDEE7232CD93C2F00659213 /* Lab_06Tests */ = {
			isa = PBXGroup;
			children = (
				6DDEE7242CD93C2F00659213 /* Lab_06Tests.swift */,
			);
			path = Lab_06Tests;
			sourceTree = "<group>";
		};
		6DDEE72D2CD93C2F00659213 /* Lab_06UITests */ = {
			isa = PBXGroup;
			children = (
				6DDEE72E2CD93C2F00659213 /* Lab_06UITests.swift */,
				6DDEE7302CD93C2F00659213 /* Lab_06UITestsLaunchTests.swift */,
			);
			path = Lab_06UITests;
			sourceTree = "<group>";
		};
/* End PBXGroup section */

/* Begin PBXNativeTarget section */
		6DDEE70E2CD93C2100659213 /* Lab_06 */ = {
			isa = PBXNativeTarget;
			buildConfigurationList = 6DDEE7342CD93C2F00659213 /* Build configuration list for PBXNativeTarget "Lab_06" */;
			buildPhases = (
				6DDEE70B2CD93C2100659213 /* Sources */,
				6DDEE70C2CD93C2100659213 /* Frameworks */,
				6DDEE70D2CD93C2100659213 /* Resources */,
			);
			buildRules = (
			);
			dependencies = (
			);
			name = Lab_06;
			productName = Lab_06;
			productReference = 6DDEE70F2CD93C2100659213 /* Lab_06.app */;
			productType = "com.apple.product-type.application";
		};
		6DDEE71F2CD93C2F00659213 /* Lab_06Tests */ = {
			isa = PBXNativeTarget;
			buildConfigurationList = 6DDEE7372CD93C2F00659213 /* Build configuration list for PBXNativeTarget "Lab_06Tests" */;
			buildPhases = (
				6DDEE71C2CD93C2F00659213 /* Sources */,
				6DDEE71D2CD93C2F00659213 /* Frameworks */,
				6DDEE71E2CD93C2F00659213 /* Resources */,
			);
			buildRules = (
			);
			dependencies = (
				6DDEE7222CD93C2F00659213 /* PBXTargetDependency */,
			);
			name = Lab_06Tests;
			productName = Lab_06Tests;
			productReference = 6DDEE7202CD93C2F00659213 /* Lab_06Tests.xctest */;
			productType = "com.apple.product-type.bundle.unit-test";
		};
		6DDEE7292CD93C2F00659213 /* Lab_06UITests */ = {
			isa = PBXNativeTarget;
			buildConfigurationList = 6DDEE73A2CD93C2F00659213 /* Build configuration list for PBXNativeTarget "Lab_06UITests" */;
			buildPhases = (
				6DDEE7262CD93C2F00659213 /* Sources */,
				6DDEE7272CD93C2F00659213 /* Frameworks */,
				6DDEE7282CD93C2F00659213 /* Resources */,
			);
			buildRules = (
			);
			dependencies = (
				6DDEE72C2CD93C2F00659213 /* PBXTargetDependency */,
			);
			name = Lab_06UITests;
			productName = Lab_06UITests;
			productReference = 6DDEE72A2CD93C2F00659213 /* Lab_06UITests.xctest */;
			productType = "com.apple.product-type.bundle.ui-testing";
		};
/* End PBXNativeTarget section */

/* Begin PBXProject section */
		6DDEE7072CD93C2100659213 /* Project object */ = {
			isa = PBXProject;
			attributes = {
				BuildIndependentTargetsInParallel = 1;
				LastSwiftUpdateCheck = 1410;
				LastUpgradeCheck = 1410;
				TargetAttributes = {
					6DDEE70E2CD93C2100659213 = {
						CreatedOnToolsVersion = 14.1;
					};
					6DDEE71F2CD93C2F00659213 = {
						CreatedOnToolsVersion = 14.1;
						TestTargetID = 6DDEE70E2CD93C2100659213;
					};
					6DDEE7292CD93C2F00659213 = {
						CreatedOnToolsVersion = 14.1;
						TestTargetID = 6DDEE70E2CD93C2100659213;
					};
				};
			};
			buildConfigurationList = 6DDEE70A2CD93C2100659213 /* Build configuration list for PBXProject "Lab_06" */;
			compatibilityVersion = "Xcode 14.0";
			developmentRegion = en;
			hasScannedForEncodings = 0;
			knownRegions = (
				en,
				Base,
			);
			mainGroup = 6DDEE7062CD93C2100659213;
			productRefGroup = 6DDEE7102CD93C2100659213 /* Products */;
			projectDirPath = "";
			projectRoot = "";
			targets = (
				6DDEE70E2CD93C2100659213 /* Lab_06 */,
				6DDEE71F2CD93C2F00659213 /* Lab_06Tests */,
				6DDEE7292CD93C2F00659213 /* Lab_06UITests */,
			);
		};
/* End PBXProject section */

/* Begin PBXResourcesBuildPhase section */
		6DDEE70D2CD93C2100659213 /* Resources */ = {
			isa = PBXResourcesBuildPhase;
			buildActionMask = 2147483647;
			files = (
				6DDEE71B2CD93C2E00659213 /* Preview Assets.xcassets in Resources */,
				6DDEE7172CD93C2E00659213 /* Assets.xcassets in Resources */,
			);
			runOnlyForDeploymentPostprocessing = 0;
		};
		6DDEE71E2CD93C2F00659213 /* Resources */ = {
			isa = PBXResourcesBuildPhase;
			buildActionMask = 2147483647;
			files = (
			);
			runOnlyForDeploymentPostprocessing = 0;
		};
		6DDEE7282CD93C2F00659213 /* Resources */ = {
			isa = PBXResourcesBuildPhase;
			buildActionMask = 2147483647;
			files = (
			);
			runOnlyForDeploymentPostprocessing = 0;
		};
/* End PBXResourcesBuildPhase section */

/* Begin PBXSourcesBuildPhase section */
		6DDEE70B2CD93C2100659213 /* Sources */ = {
			isa = PBXSourcesBuildPhase;
			buildActionMask = 2147483647;
			files = (
				6DDEE7152CD93C2200659213 /* ContentView.swift in Sources */,
				6DDEE7132CD93C2100659213 /* Lab_06App.swift in Sources */,
			);
			runOnlyForDeploymentPostprocessing = 0;
		};
		6DDEE71C2CD93C2F00659213 /* Sources */ = {
			isa = PBXSourcesBuildPhase;
			buildActionMask = 2147483647;
			files = (
				6DDEE7252CD93C2F00659213 /* Lab_06Tests.swift in Sources */,
			);
			runOnlyForDeploymentPostprocessing = 0;
		};
		6DDEE7262CD93C2F00659213 /* Sources */ = {
			isa = PBXSourcesBuildPhase;
			buildActionMask = 2147483647;
			files = (
				6DDEE7312CD93C2F00659213 /* Lab_06UITestsLaunchTests.swift in Sources */,
				6DDEE72F2CD93C2F00659213 /* Lab_06UITests.swift in Sources */,
			);
			runOnlyForDeploymentPostprocessing = 0;
		};
/* End PBXSourcesBuildPhase section */

/* Begin PBXTargetDependency section */
		6DDEE7222CD93C2F00659213 /* PBXTargetDependency */ = {
			isa = PBXTargetDependency;
			target = 6DDEE70E2CD93C2100659213 /* Lab_06 */;
			targetProxy = 6DDEE7212CD93C2F00659213 /* PBXContainerItemProxy */;
		};
		6DDEE72C2CD93C2F00659213 /* PBXTargetDependency */ = {
			isa = PBXTargetDependency;
			target = 6DDEE70E2CD93C2100659213 /* Lab_06 */;
			targetProxy = 6DDEE72B2CD93C2F00659213 /* PBXContainerItemProxy */;
		};
/* End PBXTargetDependency section */

/* Begin XCBuildConfiguration section */
		6DDEE7322CD93C2F00659213 /* Debug */ = {
			isa = XCBuildConfiguration;
			buildSettings = {
				ALWAYS_SEARCH_USER_PATHS = NO;
				CLANG_ANALYZER_NONNULL = YES;
				CLANG_ANALYZER_NUMBER_OBJECT_CONVERSION = YES_AGGRESSIVE;
				CLANG_CXX_LANGUAGE_STANDARD = "gnu++20";
				CLANG_ENABLE_MODULES = YES;
				CLANG_ENABLE_OBJC_ARC = YES;
				CLANG_ENABLE_OBJC_WEAK = YES;
				CLANG_WARN_BLOCK_CAPTURE_AUTORELEASING = YES;
				CLANG_WARN_BOOL_CONVERSION = YES;
				CLANG_WARN_COMMA = YES;
				CLANG_WARN_CONSTANT_CONVERSION = YES;
				CLANG_WARN_DEPRECATED_OBJC_IMPLEMENTATIONS = YES;
				CLANG_WARN_DIRECT_OBJC_ISA_USAGE = YES_ERROR;
				CLANG_WARN_DOCUMENTATION_COMMENTS = YES;
				CLANG_WARN_EMPTY_BODY = YES;
				CLANG_WARN_ENUM_CONVERSION = YES;
				CLANG_WARN_INFINITE_RECURSION = YES;
				CLANG_WARN_INT_CONVERSION = YES;
				CLANG_WARN_NON_LITERAL_NULL_CONVERSION = YES;
				CLANG_WARN_OBJC_IMPLICIT_RETAIN_SELF = YES;
				CLANG_WARN_OBJC_LITERAL_CONVERSION = YES;
				CLANG_WARN_OBJC_ROOT_CLASS = YES_ERROR;
				CLANG_WARN_QUOTED_INCLUDE_IN_FRAMEWORK_HEADER = YES;
				CLANG_WARN_RANGE_LOOP_ANALYSIS = YES;
				CLANG_WARN_STRICT_PROTOTYPES = YES;
				CLANG_WARN_SUSPICIOUS_MOVE = YES;
				CLANG_WARN_UNGUARDED_AVAILABILITY = YES_AGGRESSIVE;
				CLANG_WARN_UNREACHABLE_CODE = YES;
				CLANG_WARN__DUPLICATE_METHOD_MATCH = YES;
				COPY_PHASE_STRIP = NO;
				DEBUG_INFORMATION_FORMAT = dwarf;
				ENABLE_STRICT_OBJC_MSGSEND = YES;
				ENABLE_TESTABILITY = YES;
				GCC_C_LANGUAGE_STANDARD = gnu11;
				GCC_DYNAMIC_NO_PIC = NO;
				GCC_NO_COMMON_BLOCKS = YES;
				GCC_OPTIMIZATION_LEVEL = 0;
				GCC_PREPROCESSOR_DEFINITIONS = (
					"DEBUG=1",
					"$(inherited)",
				);
				GCC_WARN_64_TO_32_BIT_CONVERSION = YES;
				GCC_WARN_ABOUT_RETURN_TYPE = YES_ERROR;
				GCC_WARN_UNDECLARED_SELECTOR = YES;
				GCC_WARN_UNINITIALIZED_AUTOS = YES_AGGRESSIVE;
				GCC_WARN_UNUSED_FUNCTION = YES;
				GCC_WARN_UNUSED_VARIABLE = YES;
				MTL_ENABLE_DEBUG_INFO = INCLUDE_SOURCE;
				MTL_FAST_MATH = YES;
				ONLY_ACTIVE_ARCH = YES;
				SWIFT_ACTIVE_COMPILATION_CONDITIONS = DEBUG;
				SWIFT_OPTIMIZATION_LEVEL = "-Onone";
			};
			name = Debug;
		};
		6DDEE7332CD93C2F00659213 /* Release */ = {
			isa = XCBuildConfiguration;
			buildSettings = {
				ALWAYS_SEARCH_USER_PATHS = NO;
				CLANG_ANALYZER_NONNULL = YES;
				CLANG_ANALYZER_NUMBER_OBJECT_CONVERSION = YES_AGGRESSIVE;
				CLANG_CXX_LANGUAGE_STANDARD = "gnu++20";
				CLANG_ENABLE_MODULES = YES;
				CLANG_ENABLE_OBJC_ARC = YES;
				CLANG_ENABLE_OBJC_WEAK = YES;
				CLANG_WARN_BLOCK_CAPTURE_AUTORELEASING = YES;
				CLANG_WARN_BOOL_CONVERSION = YES;
				CLANG_WARN_COMMA = YES;
				CLANG_WARN_CONSTANT_CONVERSION = YES;
				CLANG_WARN_DEPRECATED_OBJC_IMPLEMENTATIONS = YES;
				CLANG_WARN_DIRECT_OBJC_ISA_USAGE = YES_ERROR;
				CLANG_WARN_DOCUMENTATION_COMMENTS = YES;
				CLANG_WARN_EMPTY_BODY = YES;
				CLANG_WARN_ENUM_CONVERSION = YES;
				CLANG_WARN_INFINITE_RECURSION = YES;
				CLANG_WARN_INT_CONVERSION = YES;
				CLANG_WARN_NON_LITERAL_NULL_CONVERSION = YES;
				CLANG_WARN_OBJC_IMPLICIT_RETAIN_SELF = YES;
				CLANG_WARN_OBJC_LITERAL_CONVERSION = YES;
				CLANG_WARN_OBJC_ROOT_CLASS = YES_ERROR;
				CLANG_WARN_QUOTED_INCLUDE_IN_FRAMEWORK_HEADER = YES;
				CLANG_WARN_RANGE_LOOP_ANALYSIS = YES;
				CLANG_WARN_STRICT_PROTOTYPES = YES;
				CLANG_WARN_SUSPICIOUS_MOVE = YES;
				CLANG_WARN_UNGUARDED_AVAILABILITY = YES_AGGRESSIVE;
				CLANG_WARN_UNREACHABLE_CODE = YES;
				CLANG_WARN__DUPLICATE_METHOD_MATCH = YES;
				COPY_PHASE_STRIP = NO;
				DEBUG_INFORMATION_FORMAT = "dwarf-with-dsym";
				ENABLE_NS_ASSERTIONS = NO;
				ENABLE_STRICT_OBJC_MSGSEND = YES;
				GCC_C_LANGUAGE_STANDARD = gnu11;
				GCC_NO_COMMON_BLOCKS = YES;
				GCC_WARN_64_TO_32_BIT_CONVERSION = YES;
				GCC_WARN_ABOUT_RETURN_TYPE = YES_ERROR;
				GCC_WARN_UNDECLARED_SELECTOR = YES;
				GCC_WARN_UNINITIALIZED_AUTOS = YES_AGGRESSIVE;
				GCC_WARN_UNUSED_FUNCTION = YES;
				GCC_WARN_UNUSED_VARIABLE = YES;
				MTL_ENABLE_DEBUG_INFO = NO;
				MTL_FAST_MATH = YES;
				SWIFT_COMPILATION_MODE = wholemodule;
				SWIFT_OPTIMIZATION_LEVEL = "-O";
			};
			name = Release;
		};
		6DDEE7352CD93C2F00659213 /* Debug */ = {
			isa = XCBuildConfiguration;
			buildSettings = {
				ASSETCATALOG_COMPILER_APPICON_NAME = AppIcon;
				ASSETCATALOG_COMPILER_GLOBAL_ACCENT_COLOR_NAME = AccentColor;
				CODE_SIGN_ENTITLEMENTS = Lab_06/Lab_06.entitlements;
				CODE_SIGN_STYLE = Automatic;
				CURRENT_PROJECT_VERSION = 1;
				DEVELOPMENT_ASSET_PATHS = "\"Lab_06/Preview Content\"";
				ENABLE_PREVIEWS = YES;
				GENERATE_INFOPLIST_FILE = YES;
				"INFOPLIST_KEY_UIApplicationSceneManifest_Generation[sdk=iphoneos*]" = YES;
				"INFOPLIST_KEY_UIApplicationSceneManifest_Generation[sdk=iphonesimulator*]" = YES;
				"INFOPLIST_KEY_UIApplicationSupportsIndirectInputEvents[sdk=iphoneos*]" = YES;
				"INFOPLIST_KEY_UIApplicationSupportsIndirectInputEvents[sdk=iphonesimulator*]" = YES;
				"INFOPLIST_KEY_UILaunchScreen_Generation[sdk=iphoneos*]" = YES;
				"INFOPLIST_KEY_UILaunchScreen_Generation[sdk=iphonesimulator*]" = YES;
				"INFOPLIST_KEY_UIStatusBarStyle[sdk=iphoneos*]" = UIStatusBarStyleDefault;
				"INFOPLIST_KEY_UIStatusBarStyle[sdk=iphonesimulator*]" = UIStatusBarStyleDefault;
				INFOPLIST_KEY_UISupportedInterfaceOrientations_iPad = "UIInterfaceOrientationPortrait UIInterfaceOrientationPortraitUpsideDown UIInterfaceOrientationLandscapeLeft UIInterfaceOrientationLandscapeRight";
				INFOPLIST_KEY_UISupportedInterfaceOrientations_iPhone = "UIInterfaceOrientationPortrait UIInterfaceOrientationLandscapeLeft UIInterfaceOrientationLandscapeRight";
				IPHONEOS_DEPLOYMENT_TARGET = 16.1;
				LD_RUNPATH_SEARCH_PATHS = "@executable_path/Frameworks";
				"LD_RUNPATH_SEARCH_PATHS[sdk=macosx*]" = "@executable_path/../Frameworks";
				MACOSX_DEPLOYMENT_TARGET = 12.6;
				MARKETING_VERSION = 1.0;
				PRODUCT_BUNDLE_IDENTIFIER = "com.Lab-06";
				PRODUCT_NAME = "$(TARGET_NAME)";
				SDKROOT = auto;
				SUPPORTED_PLATFORMS = "iphoneos iphonesimulator macosx";
				SWIFT_EMIT_LOC_STRINGS = YES;
				SWIFT_VERSION = 5.0;
				TARGETED_DEVICE_FAMILY = "1,2";
			};
			name = Debug;
		};
		6DDEE7362CD93C2F00659213 /* Release */ = {
			isa = XCBuildConfiguration;
			buildSettings = {
				ASSETCATALOG_COMPILER_APPICON_NAME = AppIcon;
				ASSETCATALOG_COMPILER_GLOBAL_ACCENT_COLOR_NAME = AccentColor;
				CODE_SIGN_ENTITLEMENTS = Lab_06/Lab_06.entitlements;
				CODE_SIGN_STYLE = Automatic;
				CURRENT_PROJECT_VERSION = 1;
				DEVELOPMENT_ASSET_PATHS = "\"Lab_06/Preview Content\"";
				ENABLE_PREVIEWS = YES;
				GENERATE_INFOPLIST_FILE = YES;
				"INFOPLIST_KEY_UIApplicationSceneManifest_Generation[sdk=iphoneos*]" = YES;
				"INFOPLIST_KEY_UIApplicationSceneManifest_Generation[sdk=iphonesimulator*]" = YES;
				"INFOPLIST_KEY_UIApplicationSupportsIndirectInputEvents[sdk=iphoneos*]" = YES;
				"INFOPLIST_KEY_UIApplicationSupportsIndirectInputEvents[sdk=iphonesimulator*]" = YES;
				"INFOPLIST_KEY_UILaunchScreen_Generation[sdk=iphoneos*]" = YES;
				"INFOPLIST_KEY_UILaunchScreen_Generation[sdk=iphonesimulator*]" = YES;
				"INFOPLIST_KEY_UIStatusBarStyle[sdk=iphoneos*]" = UIStatusBarStyleDefault;
				"INFOPLIST_KEY_UIStatusBarStyle[sdk=iphonesimulator*]" = UIStatusBarStyleDefault;
				INFOPLIST_KEY_UISupportedInterfaceOrientations_iPad = "UIInterfaceOrientationPortrait UIInterfaceOrientationPortraitUpsideDown UIInterfaceOrientationLandscapeLeft UIInterfaceOrientationLandscapeRight";
				INFOPLIST_KEY_UISupportedInterfaceOrientations_iPhone = "UIInterfaceOrientationPortrait UIInterfaceOrientationLandscapeLeft UIInterfaceOrientationLandscapeRight";
				IPHONEOS_DEPLOYMENT_TARGET = 16.1;
				LD_RUNPATH_SEARCH_PATHS = "@executable_path/Frameworks";
				"LD_RUNPATH_SEARCH_PATHS[sdk=macosx*]" = "@executable_path/../Frameworks";
				MACOSX_DEPLOYMENT_TARGET = 12.6;
				MARKETING_VERSION = 1.0;
				PRODUCT_BUNDLE_IDENTIFIER = "com.Lab-06";
				PRODUCT_NAME = "$(TARGET_NAME)";
				SDKROOT = auto;
				SUPPORTED_PLATFORMS = "iphoneos iphonesimulator macosx";
				SWIFT_EMIT_LOC_STRINGS = YES;
				SWIFT_VERSION = 5.0;
				TARGETED_DEVICE_FAMILY = "1,2";
			};
			name = Release;
		};
		6DDEE7382CD93C2F00659213 /* Debug */ = {
			isa = XCBuildConfiguration;
			buildSettings = {
				ALWAYS_EMBED_SWIFT_STANDARD_LIBRARIES = YES;
				BUNDLE_LOADER = "$(TEST_HOST)";
				CODE_SIGN_STYLE = Automatic;
				CURRENT_PROJECT_VERSION = 1;
				GENERATE_INFOPLIST_FILE = YES;
				IPHONEOS_DEPLOYMENT_TARGET = 16.1;
				MACOSX_DEPLOYMENT_TARGET = 12.6;
				MARKETING_VERSION = 1.0;
				PRODUCT_BUNDLE_IDENTIFIER = "com.Lab-06Tests";
				PRODUCT_NAME = "$(TARGET_NAME)";
				SDKROOT = auto;
				SUPPORTED_PLATFORMS = "iphoneos iphonesimulator macosx";
				SWIFT_EMIT_LOC_STRINGS = NO;
				SWIFT_VERSION = 5.0;
				TARGETED_DEVICE_FAMILY = "1,2";
				TEST_HOST = "$(BUILT_PRODUCTS_DIR)/Lab_06.app/$(BUNDLE_EXECUTABLE_FOLDER_PATH)/Lab_06";
			};
			name = Debug;
		};
		6DDEE7392CD93C2F00659213 /* Release */ = {
			isa = XCBuildConfiguration;
			buildSettings = {
				ALWAYS_EMBED_SWIFT_STANDARD_LIBRARIES = YES;
				BUNDLE_LOADER = "$(TEST_HOST)";
				CODE_SIGN_STYLE = Automatic;
				CURRENT_PROJECT_VERSION = 1;
				GENERATE_INFOPLIST_FILE = YES;
				IPHONEOS_DEPLOYMENT_TARGET = 16.1;
				MACOSX_DEPLOYMENT_TARGET = 12.6;
				MARKETING_VERSION = 1.0;
				PRODUCT_BUNDLE_IDENTIFIER = "com.Lab-06Tests";
				PRODUCT_NAME = "$(TARGET_NAME)";
				SDKROOT = auto;
				SUPPORTED_PLATFORMS = "iphoneos iphonesimulator macosx";
				SWIFT_EMIT_LOC_STRINGS = NO;
				SWIFT_VERSION = 5.0;
				TARGETED_DEVICE_FAMILY = "1,2";
				TEST_HOST = "$(BUILT_PRODUCTS_DIR)/Lab_06.app/$(BUNDLE_EXECUTABLE_FOLDER_PATH)/Lab_06";
			};
			name = Release;
		};
		6DDEE73B2CD93C2F00659213 /* Debug */ = {
			isa = XCBuildConfiguration;
			buildSettings = {
				ALWAYS_EMBED_SWIFT_STANDARD_LIBRARIES = YES;
				CODE_SIGN_STYLE = Automatic;
				CURRENT_PROJECT_VERSION = 1;
				GENERATE_INFOPLIST_FILE = YES;
				IPHONEOS_DEPLOYMENT_TARGET = 16.1;
				MACOSX_DEPLOYMENT_TARGET = 12.6;
				MARKETING_VERSION = 1.0;
				PRODUCT_BUNDLE_IDENTIFIER = "com.Lab-06UITests";
				PRODUCT_NAME = "$(TARGET_NAME)";
				SDKROOT = auto;
				SUPPORTED_PLATFORMS = "iphoneos iphonesimulator macosx";
				SWIFT_EMIT_LOC_STRINGS = NO;
				SWIFT_VERSION = 5.0;
				TARGETED_DEVICE_FAMILY = "1,2";
				TEST_TARGET_NAME = Lab_06;
			};
			name = Debug;
		};
		6DDEE73C2CD93C2F00659213 /* Release */ = {
			isa = XCBuildConfiguration;
			buildSettings = {
				ALWAYS_EMBED_SWIFT_STANDARD_LIBRARIES = YES;
				CODE_SIGN_STYLE = Automatic;
				CURRENT_PROJECT_VERSION = 1;
				GENERATE_INFOPLIST_FILE = YES;
				IPHONEOS_DEPLOYMENT_TARGET = 16.1;
				MACOSX_DEPLOYMENT_TARGET = 12.6;
				MARKETING_VERSION = 1.0;
				PRODUCT_BUNDLE_IDENTIFIER = "com.Lab-06UITests";
				PRODUCT_NAME = "$(TARGET_NAME)";
				SDKROOT = auto;
				SUPPORTED_PLATFORMS = "iphoneos iphonesimulator macosx";
				SWIFT_EMIT_LOC_STRINGS = NO;
				SWIFT_VERSION = 5.0;
				TARGETED_DEVICE_FAMILY = "1,2";
				TEST_TARGET_NAME = Lab_06;
			};
			name = Release;
		};
/* End XCBuildConfiguration section */

/* Begin XCConfigurationList section */
		6DDEE70A2CD93C2100659213 /* Build configuration list for PBXProject "Lab_06" */ = {
			isa = XCConfigurationList;
			buildConfigurations = (
				6DDEE7322CD93C2F00659213 /* Debug */,
				6DDEE7332CD93C2F00659213 /* Release */,
			);
			defaultConfigurationIsVisible = 0;
			defaultConfigurationName = Release;
		};
		6DDEE7342CD93C2F00659213 /* Build configuration list for PBXNativeTarget "Lab_06" */ = {
			isa = XCConfigurationList;
			buildConfigurations = (
				6DDEE7352CD93C2F00659213 /* Debug */,
				6DDEE7362CD93C2F00659213 /* Release */,
			);
			defaultConfigurationIsVisible = 0;
			defaultConfigurationName = Release;
		};
		6DDEE7372CD93C2F00659213 /* Build configuration list for PBXNativeTarget "Lab_06Tests" */ = {
			isa = XCConfigurationList;
			buildConfigurations = (
				6DDEE7382CD93C2F00659213 /* Debug */,
				6DDEE7392CD93C2F00659213 /* Release */,
			);
			defaultConfigurationIsVisible = 0;
			defaultConfigurationName = Release;
		};
		6DDEE73A2CD93C2F00659213 /* Build configuration list for PBXNativeTarget "Lab_06UITests" */ = {
			isa = XCConfigurationList;
			buildConfigurations = (
				6DDEE73B2CD93C2F00659213 /* Debug */,
				6DDEE73C2CD93C2F00659213 /* Release */,
			);
			defaultConfigurationIsVisible = 0;
			defaultConfigurationName = Release;
		};
/* End XCConfigurationList section */
	};
	rootObject = 6DDEE7072CD93C2100659213 /* Project object */;
}
